# Generated by pub
# See https://dart.dev/tools/pub/glossary#lockfile
packages:
  async:
    dependency: transitive
    description:
      name: async
      sha256: "947bfcf187f74dbc5e146c9eb9c0f10c9f8b30743e341481c1e2ed3ecc18c20c"
      url: "https://pub.dev"
    source: hosted
    version: "2.11.0"
  boolean_selector:
    dependency: transitive
    description:
      name: boolean_selector
      sha256: "6cfb5af12253eaf2b368f07bacc5a80d1301a071c73360d746b7f2e32d762c66"
      url: "https://pub.dev"
    source: hosted
    version: "2.1.1"
  characters:
    dependency: transitive
    description:
      name: characters
      sha256: "04a925763edad70e8443c99234dc3328f442e811f1d8fd1a72f1c8ad0f69a605"
      url: "https://pub.dev"
    source: hosted
    version: "1.3.0"
  clock:
    dependency: transitive
    description:
      name: clock
      sha256: cb6d7f03e1de671e34607e909a7213e31d7752be4fb66a86d29fe1eb14bfb5cf
      url: "https://pub.dev"
    source: hosted
    version: "1.1.1"
  collection:
    dependency: transitive
    description:
      name: collection
      sha256: f092b211a4319e98e5ff58223576de6c2803db36221657b46c82574721240687
      url: "https://pub.dev"
    source: hosted
    version: "1.17.2"
  cupertino_icons:
    dependency: "direct main"
    description:
      name: cupertino_icons
      sha256: "1989d917fbe8e6b39806207df5a3fdd3d816cbd090fac2ce26fb45e9a71476e5"
      url: "https://pub.dev"
    source: hosted
    version: "1.0.4"
  fake_async:
    dependency: transitive
    description:
      name: fake_async
      sha256: "511392330127add0b769b75a987850d136345d9227c6b94c96a04cf4a391bf78"
      url: "https://pub.dev"
    source: hosted
    version: "1.3.1"
  ffi:
    dependency: transitive
    description:
      name: ffi
      sha256: "13a6ccf6a459a125b3fcdb6ec73bd5ff90822e071207c663bfd1f70062d51d18"
      url: "https://pub.dev"
    source: hosted
    version: "1.2.1"
  file:
    dependency: transitive
    description:
      name: file
      sha256: b69516f2c26a5bcac4eee2e32512e1a5205ab312b3536c1c1227b2b942b5f9ad
      url: "https://pub.dev"
    source: hosted
    version: "6.1.2"
  filesystem_picker:
    dependency: "direct main"
    description:
      path: ".."
      relative: true
    source: path
    version: "4.0.0-beta.3"
  flutter:
    dependency: "direct main"
    description: flutter
    source: sdk
    version: "0.0.0"
  flutter_lints:
    dependency: "direct dev"
    description:
      name: flutter_lints
      sha256: aeb0b80a8b3709709c9cc496cdc027c5b3216796bc0af0ce1007eaf24464fd4c
      url: "https://pub.dev"
    source: hosted
    version: "2.0.1"
  flutter_test:
    dependency: "direct dev"
    description: flutter
    source: sdk
    version: "0.0.0"
  lints:
    dependency: transitive
    description:
      name: lints
      sha256: "5cfd6509652ff5e7fe149b6df4859e687fca9048437857cb2e65c8d780f396e3"
      url: "https://pub.dev"
    source: hosted
    version: "2.0.0"
  matcher:
    dependency: transitive
    description:
      name: matcher
      sha256: "1803e76e6653768d64ed8ff2e1e67bea3ad4b923eb5c56a295c3e634bad5960e"
      url: "https://pub.dev"
    source: hosted
    version: "0.12.16"
  material_color_utilities:
    dependency: transitive
    description:
      name: material_color_utilities
      sha256: "9528f2f296073ff54cb9fee677df673ace1218163c3bc7628093e7eed5203d41"
      url: "https://pub.dev"
    source: hosted
    version: "0.5.0"
  meta:
    dependency: transitive
    description:
      name: meta
      sha256: "3c74dbf8763d36539f114c799d8a2d87343b5067e9d796ca22b5eb8437090ee3"
      url: "https://pub.dev"
    source: hosted
    version: "1.9.1"
  path:
    dependency: "direct main"
    description:
      name: path
      sha256: "8829d8a55c13fc0e37127c29fedf290c102f4e40ae94ada574091fe0ff96c917"
      url: "https://pub.dev"
    source: hosted
    version: "1.8.3"
  path_provider:
    dependency: "direct main"
    description:
      name: path_provider
      sha256: "3f6e0d697dc557ed6589107c8c13eda5ad488285917788379bbf392e3e30ea37"
      url: "https://pub.dev"
    source: hosted
    version: "2.0.10"
  path_provider_android:
    dependency: transitive
    description:
      name: path_provider_android
      sha256: dfaa152e93c3a6fec632482928c770b2156dfb873582e99fbd6ac3b3de651d4c
      url: "https://pub.dev"
    source: hosted
    version: "2.0.14"
  path_provider_ios:
    dependency: transitive
    description:
      name: path_provider_ios
      sha256: "060ca9249d85bda6ee4ea2ecb3f4698a32f73183e0dee4f469bee8e146eadc1f"
      url: "https://pub.dev"
    source: hosted
    version: "2.0.9"
  path_provider_linux:
    dependency: transitive
    description:
      name: path_provider_linux
      sha256: "367b9311fe9ce1421215bcc37dce9bde57b6640c7b790cee1974c2b0a691e074"
      url: "https://pub.dev"
    source: hosted
    version: "2.1.6"
  path_provider_macos:
    dependency: transitive
    description:
      name: path_provider_macos
      sha256: "2a97e7fbb7ae9dcd0dfc1220a78e9ec3e71da691912e617e8715ff2a13086ae8"
      url: "https://pub.dev"
    source: hosted
    version: "2.0.6"
  path_provider_platform_interface:
    dependency: transitive
    description:
      name: path_provider_platform_interface
      sha256: "27dc7a224fcd07444cb5e0e60423ccacea3e13cf00fc5282ac2c918132da931d"
      url: "https://pub.dev"
    source: hosted
    version: "2.0.4"
  path_provider_windows:
    dependency: transitive
    description:
      name: path_provider_windows
      sha256: "62dbb1bc45f1e7ba1094c9dd8ea46bdcffc254db7354b4988cb9326c9d2efcdd"
      url: "https://pub.dev"
    source: hosted
    version: "2.0.6"
  permission_handler:
    dependency: "direct main"
    description:
      name: permission_handler
      sha256: "5749ebeb7ec0c3865ea17e3eb337174b87747be816dab582c551e1aff6f6bbf3"
      url: "https://pub.dev"
    source: hosted
    version: "9.2.0"
  permission_handler_android:
    dependency: transitive
    description:
      name: permission_handler_android
      sha256: a512e0fa8abcb0659d938ec2df93a70eb1df1fdea5fdc6d79a866bfd858a28fc
      url: "https://pub.dev"
    source: hosted
    version: "9.0.2+1"
  permission_handler_apple:
    dependency: transitive
    description:
      name: permission_handler_apple
      sha256: "6367799be76d1fe70ffe2df7f025abfe28818b450f550621778995badbebf519"
      url: "https://pub.dev"
    source: hosted
    version: "9.0.4"
  permission_handler_platform_interface:
    dependency: transitive
    description:
      name: permission_handler_platform_interface
      sha256: ca16451bfdc6d26693d10b37b2d81370bdf3f0318422f3eecfd6004f5bd7d21f
      url: "https://pub.dev"
    source: hosted
    version: "3.7.0"
  permission_handler_windows:
    dependency: transitive
    description:
      name: permission_handler_windows
      sha256: "40ad5ab4d3c65d75c7f3a069065c77503aae19a1cf01ba246d43489e14f1b90c"
      url: "https://pub.dev"
    source: hosted
    version: "0.1.0"
  platform:
    dependency: transitive
    description:
      name: platform
      sha256: "4a451831508d7d6ca779f7ac6e212b4023dd5a7d08a27a63da33756410e32b76"
      url: "https://pub.dev"
    source: hosted
    version: "3.1.0"
  plugin_platform_interface:
    dependency: transitive
    description:
      name: plugin_platform_interface
      sha256: "075f927ebbab4262ace8d0b283929ac5410c0ac4e7fc123c76429564facfb757"
      url: "https://pub.dev"
    source: hosted
    version: "2.1.2"
  process:
    dependency: transitive
    description:
      name: process
      sha256: "53fd8db9cec1d37b0574e12f07520d582019cb6c44abf5479a01505099a34a09"
      url: "https://pub.dev"
    source: hosted
    version: "4.2.4"
  sky_engine:
    dependency: transitive
    description: flutter
    source: sdk
    version: "0.0.99"
  source_span:
    dependency: transitive
    description:
      name: source_span
      sha256: "53e943d4206a5e30df338fd4c6e7a077e02254531b138a15aec3bd143c1a8b3c"
      url: "https://pub.dev"
    source: hosted
    version: "1.10.0"
  stack_trace:
    dependency: transitive
    description:
      name: stack_trace
      sha256: c3c7d8edb15bee7f0f74debd4b9c5f3c2ea86766fe4178eb2a18eb30a0bdaed5
      url: "https://pub.dev"
    source: hosted
    version: "1.11.0"
  stream_channel:
    dependency: transitive
    description:
      name: stream_channel
      sha256: "83615bee9045c1d322bbbd1ba209b7a749c2cbcdcb3fdd1df8eb488b3279c1c8"
      url: "https://pub.dev"
    source: hosted
    version: "2.1.1"
  string_scanner:
    dependency: transitive
    description:
      name: string_scanner
      sha256: "556692adab6cfa87322a115640c11f13cb77b3f076ddcc5d6ae3c20242bedcde"
      url: "https://pub.dev"
    source: hosted
    version: "1.2.0"
  term_glyph:
    dependency: transitive
    description:
      name: term_glyph
      sha256: a29248a84fbb7c79282b40b8c72a1209db169a2e0542bce341da992fe1bc7e84
      url: "https://pub.dev"
    source: hosted
    version: "1.2.1"
  test_api:
    dependency: transitive
    description:
      name: test_api
      sha256: "75760ffd7786fffdfb9597c35c5b27eaeec82be8edfb6d71d32651128ed7aab8"
      url: "https://pub.dev"
    source: hosted
    version: "0.6.0"
  vector_math:
    dependency: transitive
    description:
      name: vector_math
      sha256: "80b3257d1492ce4d091729e3a67a60407d227c27241d6927be0130c98e741803"
      url: "https://pub.dev"
    source: hosted
    version: "2.1.4"
  web:
    dependency: transitive
    description:
      name: web
      sha256: dc8ccd225a2005c1be616fe02951e2e342092edf968cf0844220383757ef8f10
      url: "https://pub.dev"
    source: hosted
    version: "0.1.4-beta"
  win32:
    dependency: transitive
    description:
      name: win32
      sha256: c0e3a4f7be7dae51d8f152230b86627e3397c1ba8c3fa58e63d44a9f3edc9cef
      url: "https://pub.dev"
    source: hosted
    version: "2.6.1"
  xdg_directories:
    dependency: transitive
    description:
      name: xdg_directories
      sha256: "060b6e1c891d956f72b5ac9463466c37cce3fa962a921532fc001e86fe93438e"
      url: "https://pub.dev"
    source: hosted
    version: "0.2.0+1"
sdks:
  dart: ">=3.1.0-185.0.dev <4.0.0"
  flutter: ">=3.0.0"
